
Microsoft Visual Studio Solution File, Format Version 12.00
# Visual Studio Version 17
VisualStudioVersion = 17.11.35327.3
MinimumVisualStudioVersion = 10.0.40219.1
Project("{FAE04EC0-301F-11D3-BF4B-00C04F79EFBC}") = "DroneWar", "DroneWar.csproj", "{B108A35C-8F9D-4949-BAFD-80D733F6BEE9}"
EndProject
Global
	GlobalSection(SolutionConfigurationPlatforms) = preSolution
		Debug|Any CPU = Debug|Any CPU
		Release|Any CPU = Release|Any CPU
	EndGlobalSection
	GlobalSection(ProjectConfigurationPlatforms) = postSolution
		{B108A35C-8F9D-4949-BAFD-80D733F6BEE9}.Debug|Any CPU.ActiveCfg = Debug|Any CPU
		{B108A35C-8F9D-4949-BAFD-80D733F6BEE9}.Debug|Any CPU.Build.0 = Debug|Any CPU
		{B108A35C-8F9D-4949-BAFD-80D733F6BEE9}.Release|Any CPU.ActiveCfg = Release|Any CPU
		{B108A35C-8F9D-4949-BAFD-80D733F6BEE9}.Release|Any CPU.Build.0 = Release|Any CPU
	EndGlobalSection
	GlobalSection(SolutionProperties) = preSolution
		HideSolutionNode = FALSE
	EndGlobalSection
	GlobalSection(ExtensibilityGlobals) = postSolution
		SolutionGuid = {D890BDFE-B95F-401D-BE16-939064D88019}
	EndGlobalSection
EndGlobal
